// !$*UTF8*$!
{
	archiveVersion = 1;
	classes = {
	};
	objectVersion = 48;
	objects = {

/* Begin PBXBuildFile section */
		04A737D426E7CC54009423E1 /* ChatListViewController.swift in Sources */ = {isa = PBXBuildFile; fileRef = 04A737D326E7CC54009423E1 /* ChatListViewController.swift */; };
		04A737D626E7D43B009423E1 /* Conversation.swift in Sources */ = {isa = PBXBuildFile; fileRef = 04A737D526E7D43B009423E1 /* Conversation.swift */; };
		04A737E826E831FB009423E1 /* JXPhotoBrowserPageIndicator.swift in Sources */ = {isa = PBXBuildFile; fileRef = 04A737D926E831FA009423E1 /* JXPhotoBrowserPageIndicator.swift */; };
		04A737E926E831FB009423E1 /* JXPhotoBrowserNoneAnimator.swift in Sources */ = {isa = PBXBuildFile; fileRef = 04A737DA26E831FA009423E1 /* JXPhotoBrowserNoneAnimator.swift */; };
		04A737EA26E831FB009423E1 /* JXPhotoBrowserZoomSupportedCell.swift in Sources */ = {isa = PBXBuildFile; fileRef = 04A737DB26E831FA009423E1 /* JXPhotoBrowserZoomSupportedCell.swift */; };
		04A737EB26E831FB009423E1 /* JXPhotoBrowserSmoothZoomAnimator.swift in Sources */ = {isa = PBXBuildFile; fileRef = 04A737DC26E831FA009423E1 /* JXPhotoBrowserSmoothZoomAnimator.swift */; };
		04A737EC26E831FB009423E1 /* JXPhotoBrowserImageView.swift in Sources */ = {isa = PBXBuildFile; fileRef = 04A737DD26E831FA009423E1 /* JXPhotoBrowserImageView.swift */; };
		04A737ED26E831FB009423E1 /* JXPhotoBrowserAnimatedTransitioning.swift in Sources */ = {isa = PBXBuildFile; fileRef = 04A737DE26E831FA009423E1 /* JXPhotoBrowserAnimatedTransitioning.swift */; };
		04A737EE26E831FB009423E1 /* JXPhotoBrowserCell.swift in Sources */ = {isa = PBXBuildFile; fileRef = 04A737DF26E831FA009423E1 /* JXPhotoBrowserCell.swift */; };
		04A737EF26E831FB009423E1 /* JXPhotoBrowserNumberPageIndicator.swift in Sources */ = {isa = PBXBuildFile; fileRef = 04A737E026E831FA009423E1 /* JXPhotoBrowserNumberPageIndicator.swift */; };
		04A737F026E831FB009423E1 /* JXPhotoBrowserZoomAnimator.swift in Sources */ = {isa = PBXBuildFile; fileRef = 04A737E126E831FA009423E1 /* JXPhotoBrowserZoomAnimator.swift */; };
		04A737F126E831FB009423E1 /* JXPhotoBrowserView.swift in Sources */ = {isa = PBXBuildFile; fileRef = 04A737E226E831FA009423E1 /* JXPhotoBrowserView.swift */; };
		04A737F226E831FB009423E1 /* JXPhotoBrowserDefaultPageIndicator.swift in Sources */ = {isa = PBXBuildFile; fileRef = 04A737E326E831FA009423E1 /* JXPhotoBrowserDefaultPageIndicator.swift */; };
		04A737F326E831FB009423E1 /* JXPhotoBrowserImageCell.swift in Sources */ = {isa = PBXBuildFile; fileRef = 04A737E426E831FA009423E1 /* JXPhotoBrowserImageCell.swift */; };
		04A737F426E831FB009423E1 /* JXPhotoBrowserFadeAnimator.swift in Sources */ = {isa = PBXBuildFile; fileRef = 04A737E526E831FB009423E1 /* JXPhotoBrowserFadeAnimator.swift */; };
		04A737F526E831FB009423E1 /* JXPhotoBrowserLog.swift in Sources */ = {isa = PBXBuildFile; fileRef = 04A737E626E831FB009423E1 /* JXPhotoBrowserLog.swift */; };
		04A737F626E831FB009423E1 /* JXPhotoBrowser.swift in Sources */ = {isa = PBXBuildFile; fileRef = 04A737E726E831FB009423E1 /* JXPhotoBrowser.swift */; };
		04A737F826E8349D009423E1 /* MessageCell.swift in Sources */ = {isa = PBXBuildFile; fileRef = 04A737F726E8349D009423E1 /* MessageCell.swift */; };
		04A737FA26E83A42009423E1 /* MessageContent.swift in Sources */ = {isa = PBXBuildFile; fileRef = 04A737F926E83A42009423E1 /* MessageContent.swift */; };
		04A7380F26E841AA009423E1 /* Label.swift in Sources */ = {isa = PBXBuildFile; fileRef = 04A737FC26E841AA009423E1 /* Label.swift */; };
		04A7381026E841AA009423E1 /* View.swift in Sources */ = {isa = PBXBuildFile; fileRef = 04A737FD26E841AA009423E1 /* View.swift */; };
		04A7381126E841AA009423E1 /* AttStr.swift in Sources */ = {isa = PBXBuildFile; fileRef = 04A737FE26E841AA009423E1 /* AttStr.swift */; };
		04A7381226E841AA009423E1 /* __Private__Implementations__.swift in Sources */ = {isa = PBXBuildFile; fileRef = 04A737FF26E841AA009423E1 /* __Private__Implementations__.swift */; };
		04A7381326E841AA009423E1 /* Alert.swift in Sources */ = {isa = PBXBuildFile; fileRef = 04A7380026E841AA009423E1 /* Alert.swift */; };
		04A7381426E841AA009423E1 /* Styles.swift in Sources */ = {isa = PBXBuildFile; fileRef = 04A7380126E841AA009423E1 /* Styles.swift */; };
		04A7381526E841AA009423E1 /* Stack.swift in Sources */ = {isa = PBXBuildFile; fileRef = 04A7380226E841AA009423E1 /* Stack.swift */; };
		04A7381626E841AA009423E1 /* BarButton.swift in Sources */ = {isa = PBXBuildFile; fileRef = 04A7380326E841AA009423E1 /* BarButton.swift */; };
		04A7381726E841AA009423E1 /* Str.swift in Sources */ = {isa = PBXBuildFile; fileRef = 04A7380426E841AA009423E1 /* Str.swift */; };
		04A7381826E841AA009423E1 /* Cons.swift in Sources */ = {isa = PBXBuildFile; fileRef = 04A7380526E841AA009423E1 /* Cons.swift */; };
		04A7381926E841AA009423E1 /* CPKStackView.swift in Sources */ = {isa = PBXBuildFile; fileRef = 04A7380626E841AA009423E1 /* CPKStackView.swift */; };
		04A7381A26E841AA009423E1 /* TextField.swift in Sources */ = {isa = PBXBuildFile; fileRef = 04A7380726E841AA009423E1 /* TextField.swift */; };
		04A7381B26E841AA009423E1 /* TextView.swift in Sources */ = {isa = PBXBuildFile; fileRef = 04A7380826E841AA009423E1 /* TextView.swift */; };
		04A7381C26E841AA009423E1 /* ImageView.swift in Sources */ = {isa = PBXBuildFile; fileRef = 04A7380926E841AA009423E1 /* ImageView.swift */; };
		04A7381D26E841AA009423E1 /* StaticTable.swift in Sources */ = {isa = PBXBuildFile; fileRef = 04A7380A26E841AA009423E1 /* StaticTable.swift */; };
		04A7381E26E841AA009423E1 /* Font.swift in Sources */ = {isa = PBXBuildFile; fileRef = 04A7380B26E841AA009423E1 /* Font.swift */; };
		04A7381F26E841AA009423E1 /* Button.swift in Sources */ = {isa = PBXBuildFile; fileRef = 04A7380C26E841AA009423E1 /* Button.swift */; };
		04A7382026E841AA009423E1 /* Color.swift in Sources */ = {isa = PBXBuildFile; fileRef = 04A7380D26E841AA009423E1 /* Color.swift */; };
		04A7382126E841AA009423E1 /* Img.swift in Sources */ = {isa = PBXBuildFile; fileRef = 04A7380E26E841AA009423E1 /* Img.swift */; };
		04A7382326E88F6E009423E1 /* MsgTimeTableViewCell.swift in Sources */ = {isa = PBXBuildFile; fileRef = 04A7382226E88F6D009423E1 /* MsgTimeTableViewCell.swift */; };
		2FEE63AC1FBAD13A006E3C85 /* AppDelegate.swift in Sources */ = {isa = PBXBuildFile; fileRef = 2FEE63AB1FBAD13A006E3C85 /* AppDelegate.swift */; };
		2FEE63AE1FBAD13A006E3C85 /* ViewController.swift in Sources */ = {isa = PBXBuildFile; fileRef = 2FEE63AD1FBAD13A006E3C85 /* ViewController.swift */; };
		2FEE63B11FBAD13A006E3C85 /* Main.storyboard in Resources */ = {isa = PBXBuildFile; fileRef = 2FEE63AF1FBAD13A006E3C85 /* Main.storyboard */; };
		2FEE63B41FBAD13A006E3C85 /* SwiftChatXIBDemo.xcdatamodeld in Sources */ = {isa = PBXBuildFile; fileRef = 2FEE63B21FBAD13A006E3C85 /* SwiftChatXIBDemo.xcdatamodeld */; };
		2FEE63B61FBAD13A006E3C85 /* Assets.xcassets in Resources */ = {isa = PBXBuildFile; fileRef = 2FEE63B51FBAD13A006E3C85 /* Assets.xcassets */; };
		2FEE63B91FBAD13A006E3C85 /* LaunchScreen.storyboard in Resources */ = {isa = PBXBuildFile; fileRef = 2FEE63B71FBAD13A006E3C85 /* LaunchScreen.storyboard */; };
		2FEE63C41FBAD13B006E3C85 /* SwiftChatXIBDemoTests.swift in Sources */ = {isa = PBXBuildFile; fileRef = 2FEE63C31FBAD13B006E3C85 /* SwiftChatXIBDemoTests.swift */; };
		2FEE63CF1FBAD13B006E3C85 /* SwiftChatXIBDemoUITests.swift in Sources */ = {isa = PBXBuildFile; fileRef = 2FEE63CE1FBAD13B006E3C85 /* SwiftChatXIBDemoUITests.swift */; };
		2FEE63DF1FBAD1F7006E3C85 /* MsgTimeTableViewCell.xib in Resources */ = {isa = PBXBuildFile; fileRef = 2FEE63DD1FBAD1F7006E3C85 /* MsgTimeTableViewCell.xib */; };
		2FEE63F01FBAD527006E3C85 /* Message.swift in Sources */ = {isa = PBXBuildFile; fileRef = 2FEE63EF1FBAD527006E3C85 /* Message.swift */; };
/* End PBXBuildFile section */

/* Begin PBXContainerItemProxy section */
		2FEE63C01FBAD13B006E3C85 /* PBXContainerItemProxy */ = {
			isa = PBXContainerItemProxy;
			containerPortal = 2FEE63A01FBAD13A006E3C85 /* Project object */;
			proxyType = 1;
			remoteGlobalIDString = 2FEE63A71FBAD13A006E3C85;
			remoteInfo = SwiftChatXIBDemo;
		};
		2FEE63CB1FBAD13B006E3C85 /* PBXContainerItemProxy */ = {
			isa = PBXContainerItemProxy;
			containerPortal = 2FEE63A01FBAD13A006E3C85 /* Project object */;
			proxyType = 1;
			remoteGlobalIDString = 2FEE63A71FBAD13A006E3C85;
			remoteInfo = SwiftChatXIBDemo;
		};
/* End PBXContainerItemProxy section */

/* Begin PBXFileReference section */
		04A737D326E7CC54009423E1 /* ChatListViewController.swift */ = {isa = PBXFileReference; lastKnownFileType = sourcecode.swift; path = ChatListViewController.swift; sourceTree = "<group>"; };
		04A737D526E7D43B009423E1 /* Conversation.swift */ = {isa = PBXFileReference; lastKnownFileType = sourcecode.swift; path = Conversation.swift; sourceTree = "<group>"; };
		04A737D926E831FA009423E1 /* JXPhotoBrowserPageIndicator.swift */ = {isa = PBXFileReference; fileEncoding = 4; lastKnownFileType = sourcecode.swift; path = JXPhotoBrowserPageIndicator.swift; sourceTree = "<group>"; };
		04A737DA26E831FA009423E1 /* JXPhotoBrowserNoneAnimator.swift */ = {isa = PBXFileReference; fileEncoding = 4; lastKnownFileType = sourcecode.swift; path = JXPhotoBrowserNoneAnimator.swift; sourceTree = "<group>"; };
		04A737DB26E831FA009423E1 /* JXPhotoBrowserZoomSupportedCell.swift */ = {isa = PBXFileReference; fileEncoding = 4; lastKnownFileType = sourcecode.swift; path = JXPhotoBrowserZoomSupportedCell.swift; sourceTree = "<group>"; };
		04A737DC26E831FA009423E1 /* JXPhotoBrowserSmoothZoomAnimator.swift */ = {isa = PBXFileReference; fileEncoding = 4; lastKnownFileType = sourcecode.swift; path = JXPhotoBrowserSmoothZoomAnimator.swift; sourceTree = "<group>"; };
		04A737DD26E831FA009423E1 /* JXPhotoBrowserImageView.swift */ = {isa = PBXFileReference; fileEncoding = 4; lastKnownFileType = sourcecode.swift; path = JXPhotoBrowserImageView.swift; sourceTree = "<group>"; };
		04A737DE26E831FA009423E1 /* JXPhotoBrowserAnimatedTransitioning.swift */ = {isa = PBXFileReference; fileEncoding = 4; lastKnownFileType = sourcecode.swift; path = JXPhotoBrowserAnimatedTransitioning.swift; sourceTree = "<group>"; };
		04A737DF26E831FA009423E1 /* JXPhotoBrowserCell.swift */ = {isa = PBXFileReference; fileEncoding = 4; lastKnownFileType = sourcecode.swift; path = JXPhotoBrowserCell.swift; sourceTree = "<group>"; };
		04A737E026E831FA009423E1 /* JXPhotoBrowserNumberPageIndicator.swift */ = {isa = PBXFileReference; fileEncoding = 4; lastKnownFileType = sourcecode.swift; path = JXPhotoBrowserNumberPageIndicator.swift; sourceTree = "<group>"; };
		04A737E126E831FA009423E1 /* JXPhotoBrowserZoomAnimator.swift */ = {isa = PBXFileReference; fileEncoding = 4; lastKnownFileType = sourcecode.swift; path = JXPhotoBrowserZoomAnimator.swift; sourceTree = "<group>"; };
		04A737E226E831FA009423E1 /* JXPhotoBrowserView.swift */ = {isa = PBXFileReference; fileEncoding = 4; lastKnownFileType = sourcecode.swift; path = JXPhotoBrowserView.swift; sourceTree = "<group>"; };
		04A737E326E831FA009423E1 /* JXPhotoBrowserDefaultPageIndicator.swift */ = {isa = PBXFileReference; fileEncoding = 4; lastKnownFileType = sourcecode.swift; path = JXPhotoBrowserDefaultPageIndicator.swift; sourceTree = "<group>"; };
		04A737E426E831FA009423E1 /* JXPhotoBrowserImageCell.swift */ = {isa = PBXFileReference; fileEncoding = 4; lastKnownFileType = sourcecode.swift; path = JXPhotoBrowserImageCell.swift; sourceTree = "<group>"; };
		04A737E526E831FB009423E1 /* JXPhotoBrowserFadeAnimator.swift */ = {isa = PBXFileReference; fileEncoding = 4; lastKnownFileType = sourcecode.swift; path = JXPhotoBrowserFadeAnimator.swift; sourceTree = "<group>"; };
		04A737E626E831FB009423E1 /* JXPhotoBrowserLog.swift */ = {isa = PBXFileReference; fileEncoding = 4; lastKnownFileType = sourcecode.swift; path = JXPhotoBrowserLog.swift; sourceTree = "<group>"; };
		04A737E726E831FB009423E1 /* JXPhotoBrowser.swift */ = {isa = PBXFileReference; fileEncoding = 4; lastKnownFileType = sourcecode.swift; path = JXPhotoBrowser.swift; sourceTree = "<group>"; };
		04A737F726E8349D009423E1 /* MessageCell.swift */ = {isa = PBXFileReference; lastKnownFileType = sourcecode.swift; path = MessageCell.swift; sourceTree = "<group>"; };
		04A737F926E83A42009423E1 /* MessageContent.swift */ = {isa = PBXFileReference; lastKnownFileType = sourcecode.swift; path = MessageContent.swift; sourceTree = "<group>"; };
		04A737FC26E841AA009423E1 /* Label.swift */ = {isa = PBXFileReference; fileEncoding = 4; lastKnownFileType = sourcecode.swift; path = Label.swift; sourceTree = "<group>"; };
		04A737FD26E841AA009423E1 /* View.swift */ = {isa = PBXFileReference; fileEncoding = 4; lastKnownFileType = sourcecode.swift; path = View.swift; sourceTree = "<group>"; };
		04A737FE26E841AA009423E1 /* AttStr.swift */ = {isa = PBXFileReference; fileEncoding = 4; lastKnownFileType = sourcecode.swift; path = AttStr.swift; sourceTree = "<group>"; };
		04A737FF26E841AA009423E1 /* __Private__Implementations__.swift */ = {isa = PBXFileReference; fileEncoding = 4; lastKnownFileType = sourcecode.swift; path = __Private__Implementations__.swift; sourceTree = "<group>"; };
		04A7380026E841AA009423E1 /* Alert.swift */ = {isa = PBXFileReference; fileEncoding = 4; lastKnownFileType = sourcecode.swift; path = Alert.swift; sourceTree = "<group>"; };
		04A7380126E841AA009423E1 /* Styles.swift */ = {isa = PBXFileReference; fileEncoding = 4; lastKnownFileType = sourcecode.swift; path = Styles.swift; sourceTree = "<group>"; };
		04A7380226E841AA009423E1 /* Stack.swift */ = {isa = PBXFileReference; fileEncoding = 4; lastKnownFileType = sourcecode.swift; path = Stack.swift; sourceTree = "<group>"; };
		04A7380326E841AA009423E1 /* BarButton.swift */ = {isa = PBXFileReference; fileEncoding = 4; lastKnownFileType = sourcecode.swift; path = BarButton.swift; sourceTree = "<group>"; };
		04A7380426E841AA009423E1 /* Str.swift */ = {isa = PBXFileReference; fileEncoding = 4; lastKnownFileType = sourcecode.swift; path = Str.swift; sourceTree = "<group>"; };
		04A7380526E841AA009423E1 /* Cons.swift */ = {isa = PBXFileReference; fileEncoding = 4; lastKnownFileType = sourcecode.swift; path = Cons.swift; sourceTree = "<group>"; };
		04A7380626E841AA009423E1 /* CPKStackView.swift */ = {isa = PBXFileReference; fileEncoding = 4; lastKnownFileType = sourcecode.swift; path = CPKStackView.swift; sourceTree = "<group>"; };
		04A7380726E841AA009423E1 /* TextField.swift */ = {isa = PBXFileReference; fileEncoding = 4; lastKnownFileType = sourcecode.swift; path = TextField.swift; sourceTree = "<group>"; };
		04A7380826E841AA009423E1 /* TextView.swift */ = {isa = PBXFileReference; fileEncoding = 4; lastKnownFileType = sourcecode.swift; path = TextView.swift; sourceTree = "<group>"; };
		04A7380926E841AA009423E1 /* ImageView.swift */ = {isa = PBXFileReference; fileEncoding = 4; lastKnownFileType = sourcecode.swift; path = ImageView.swift; sourceTree = "<group>"; };
		04A7380A26E841AA009423E1 /* StaticTable.swift */ = {isa = PBXFileReference; fileEncoding = 4; lastKnownFileType = sourcecode.swift; path = StaticTable.swift; sourceTree = "<group>"; };
		04A7380B26E841AA009423E1 /* Font.swift */ = {isa = PBXFileReference; fileEncoding = 4; lastKnownFileType = sourcecode.swift; path = Font.swift; sourceTree = "<group>"; };
		04A7380C26E841AA009423E1 /* Button.swift */ = {isa = PBXFileReference; fileEncoding = 4; lastKnownFileType = sourcecode.swift; path = Button.swift; sourceTree = "<group>"; };
		04A7380D26E841AA009423E1 /* Color.swift */ = {isa = PBXFileReference; fileEncoding = 4; lastKnownFileType = sourcecode.swift; path = Color.swift; sourceTree = "<group>"; };
		04A7380E26E841AA009423E1 /* Img.swift */ = {isa = PBXFileReference; fileEncoding = 4; lastKnownFileType = sourcecode.swift; path = Img.swift; sourceTree = "<group>"; };
		04A7382226E88F6D009423E1 /* MsgTimeTableViewCell.swift */ = {isa = PBXFileReference; fileEncoding = 4; lastKnownFileType = sourcecode.swift; path = MsgTimeTableViewCell.swift; sourceTree = "<group>"; };
		2FEE63A81FBAD13A006E3C85 /* SwiftChatXIBDemo.app */ = {isa = PBXFileReference; explicitFileType = wrapper.application; includeInIndex = 0; path = SwiftChatXIBDemo.app; sourceTree = BUILT_PRODUCTS_DIR; };
		2FEE63AB1FBAD13A006E3C85 /* AppDelegate.swift */ = {isa = PBXFileReference; lastKnownFileType = sourcecode.swift; path = AppDelegate.swift; sourceTree = "<group>"; };
		2FEE63AD1FBAD13A006E3C85 /* ViewController.swift */ = {isa = PBXFileReference; lastKnownFileType = sourcecode.swift; path = ViewController.swift; sourceTree = "<group>"; };
		2FEE63B01FBAD13A006E3C85 /* Base */ = {isa = PBXFileReference; lastKnownFileType = file.storyboard; name = Base; path = Base.lproj/Main.storyboard; sourceTree = "<group>"; };
		2FEE63B31FBAD13A006E3C85 /* SwiftChatXIBDemo.xcdatamodel */ = {isa = PBXFileReference; lastKnownFileType = wrapper.xcdatamodel; path = SwiftChatXIBDemo.xcdatamodel; sourceTree = "<group>"; };
		2FEE63B51FBAD13A006E3C85 /* Assets.xcassets */ = {isa = PBXFileReference; lastKnownFileType = folder.assetcatalog; path = Assets.xcassets; sourceTree = "<group>"; };
		2FEE63B81FBAD13A006E3C85 /* Base */ = {isa = PBXFileReference; lastKnownFileType = file.storyboard; name = Base; path = Base.lproj/LaunchScreen.storyboard; sourceTree = "<group>"; };
		2FEE63BA1FBAD13A006E3C85 /* Info.plist */ = {isa = PBXFileReference; lastKnownFileType = text.plist.xml; path = Info.plist; sourceTree = "<group>"; };
		2FEE63BF1FBAD13B006E3C85 /* SwiftChatXIBDemoTests.xctest */ = {isa = PBXFileReference; explicitFileType = wrapper.cfbundle; includeInIndex = 0; path = SwiftChatXIBDemoTests.xctest; sourceTree = BUILT_PRODUCTS_DIR; };
		2FEE63C31FBAD13B006E3C85 /* SwiftChatXIBDemoTests.swift */ = {isa = PBXFileReference; lastKnownFileType = sourcecode.swift; path = SwiftChatXIBDemoTests.swift; sourceTree = "<group>"; };
		2FEE63C51FBAD13B006E3C85 /* Info.plist */ = {isa = PBXFileReference; lastKnownFileType = text.plist.xml; path = Info.plist; sourceTree = "<group>"; };
		2FEE63CA1FBAD13B006E3C85 /* SwiftChatXIBDemoUITests.xctest */ = {isa = PBXFileReference; explicitFileType = wrapper.cfbundle; includeInIndex = 0; path = SwiftChatXIBDemoUITests.xctest; sourceTree = BUILT_PRODUCTS_DIR; };
		2FEE63CE1FBAD13B006E3C85 /* SwiftChatXIBDemoUITests.swift */ = {isa = PBXFileReference; lastKnownFileType = sourcecode.swift; path = SwiftChatXIBDemoUITests.swift; sourceTree = "<group>"; };
		2FEE63D01FBAD13B006E3C85 /* Info.plist */ = {isa = PBXFileReference; lastKnownFileType = text.plist.xml; path = Info.plist; sourceTree = "<group>"; };
		2FEE63DD1FBAD1F7006E3C85 /* MsgTimeTableViewCell.xib */ = {isa = PBXFileReference; lastKnownFileType = file.xib; path = MsgTimeTableViewCell.xib; sourceTree = "<group>"; };
		2FEE63EF1FBAD527006E3C85 /* Message.swift */ = {isa = PBXFileReference; lastKnownFileType = sourcecode.swift; path = Message.swift; sourceTree = "<group>"; };
/* End PBXFileReference section */

/* Begin PBXFrameworksBuildPhase section */
		2FEE63A51FBAD13A006E3C85 /* Frameworks */ = {
			isa = PBXFrameworksBuildPhase;
			buildActionMask = 2147483647;
			files = (
			);
			runOnlyForDeploymentPostprocessing = 0;
		};
		2FEE63BC1FBAD13B006E3C85 /* Frameworks */ = {
			isa = PBXFrameworksBuildPhase;
			buildActionMask = 2147483647;
			files = (
			);
			runOnlyForDeploymentPostprocessing = 0;
		};
		2FEE63C71FBAD13B006E3C85 /* Frameworks */ = {
			isa = PBXFrameworksBuildPhase;
			buildActionMask = 2147483647;
			files = (
			);
			runOnlyForDeploymentPostprocessing = 0;
		};
/* End PBXFrameworksBuildPhase section */

/* Begin PBXGroup section */
		04A737C926E76272009423E1 /* Model */ = {
			isa = PBXGroup;
			children = (
				2FEE63EF1FBAD527006E3C85 /* Message.swift */,
				04A737D526E7D43B009423E1 /* Conversation.swift */,
			);
			path = Model;
			sourceTree = "<group>";
		};
		04A737CA26E762DA009423E1 /* View */ = {
			isa = PBXGroup;
			children = (
				04A7382226E88F6D009423E1 /* MsgTimeTableViewCell.swift */,
				04A737F726E8349D009423E1 /* MessageCell.swift */,
				04A737F926E83A42009423E1 /* MessageContent.swift */,
			);
			path = View;
			sourceTree = "<group>";
		};
		04A737D726E831F2009423E1 /* Libs */ = {
			isa = PBXGroup;
			children = (
				04A737FB26E841AA009423E1 /* Cupcake */,
				04A737D826E831FA009423E1 /* JXPhotoBrowser */,
			);
			path = Libs;
			sourceTree = "<group>";
		};
		04A737D826E831FA009423E1 /* JXPhotoBrowser */ = {
			isa = PBXGroup;
			children = (
				04A737D926E831FA009423E1 /* JXPhotoBrowserPageIndicator.swift */,
				04A737DA26E831FA009423E1 /* JXPhotoBrowserNoneAnimator.swift */,
				04A737DB26E831FA009423E1 /* JXPhotoBrowserZoomSupportedCell.swift */,
				04A737DC26E831FA009423E1 /* JXPhotoBrowserSmoothZoomAnimator.swift */,
				04A737DD26E831FA009423E1 /* JXPhotoBrowserImageView.swift */,
				04A737DE26E831FA009423E1 /* JXPhotoBrowserAnimatedTransitioning.swift */,
				04A737DF26E831FA009423E1 /* JXPhotoBrowserCell.swift */,
				04A737E026E831FA009423E1 /* JXPhotoBrowserNumberPageIndicator.swift */,
				04A737E126E831FA009423E1 /* JXPhotoBrowserZoomAnimator.swift */,
				04A737E226E831FA009423E1 /* JXPhotoBrowserView.swift */,
				04A737E326E831FA009423E1 /* JXPhotoBrowserDefaultPageIndicator.swift */,
				04A737E426E831FA009423E1 /* JXPhotoBrowserImageCell.swift */,
				04A737E526E831FB009423E1 /* JXPhotoBrowserFadeAnimator.swift */,
				04A737E626E831FB009423E1 /* JXPhotoBrowserLog.swift */,
				04A737E726E831FB009423E1 /* JXPhotoBrowser.swift */,
			);
			path = JXPhotoBrowser;
			sourceTree = "<group>";
		};
		04A737FB26E841AA009423E1 /* Cupcake */ = {
			isa = PBXGroup;
			children = (
				04A737FC26E841AA009423E1 /* Label.swift */,
				04A737FD26E841AA009423E1 /* View.swift */,
				04A737FE26E841AA009423E1 /* AttStr.swift */,
				04A737FF26E841AA009423E1 /* __Private__Implementations__.swift */,
				04A7380026E841AA009423E1 /* Alert.swift */,
				04A7380126E841AA009423E1 /* Styles.swift */,
				04A7380226E841AA009423E1 /* Stack.swift */,
				04A7380326E841AA009423E1 /* BarButton.swift */,
				04A7380426E841AA009423E1 /* Str.swift */,
				04A7380526E841AA009423E1 /* Cons.swift */,
				04A7380626E841AA009423E1 /* CPKStackView.swift */,
				04A7380726E841AA009423E1 /* TextField.swift */,
				04A7380826E841AA009423E1 /* TextView.swift */,
				04A7380926E841AA009423E1 /* ImageView.swift */,
				04A7380A26E841AA009423E1 /* StaticTable.swift */,
				04A7380B26E841AA009423E1 /* Font.swift */,
				04A7380C26E841AA009423E1 /* Button.swift */,
				04A7380D26E841AA009423E1 /* Color.swift */,
				04A7380E26E841AA009423E1 /* Img.swift */,
			);
			path = Cupcake;
			sourceTree = "<group>";
		};
		2FEE639F1FBAD13A006E3C85 = {
			isa = PBXGroup;
			children = (
				2FEE63AA1FBAD13A006E3C85 /* SwiftChatXIBDemo */,
				2FEE63C21FBAD13B006E3C85 /* SwiftChatXIBDemoTests */,
				2FEE63CD1FBAD13B006E3C85 /* SwiftChatXIBDemoUITests */,
				2FEE63A91FBAD13A006E3C85 /* Products */,
			);
			sourceTree = "<group>";
		};
		2FEE63A91FBAD13A006E3C85 /* Products */ = {
			isa = PBXGroup;
			children = (
				2FEE63A81FBAD13A006E3C85 /* SwiftChatXIBDemo.app */,
				2FEE63BF1FBAD13B006E3C85 /* SwiftChatXIBDemoTests.xctest */,
				2FEE63CA1FBAD13B006E3C85 /* SwiftChatXIBDemoUITests.xctest */,
			);
			name = Products;
			sourceTree = "<group>";
		};
		2FEE63AA1FBAD13A006E3C85 /* SwiftChatXIBDemo */ = {
			isa = PBXGroup;
			children = (
				04A737D726E831F2009423E1 /* Libs */,
				04A737CA26E762DA009423E1 /* View */,
				04A737C926E76272009423E1 /* Model */,
				2FEE63AB1FBAD13A006E3C85 /* AppDelegate.swift */,
				2FEE63AD1FBAD13A006E3C85 /* ViewController.swift */,
				04A737D326E7CC54009423E1 /* ChatListViewController.swift */,
				2FEE63AF1FBAD13A006E3C85 /* Main.storyboard */,
				2FEE63EE1FBAD2E1006E3C85 /* xib */,
				2FEE63B51FBAD13A006E3C85 /* Assets.xcassets */,
				2FEE63B71FBAD13A006E3C85 /* LaunchScreen.storyboard */,
				2FEE63BA1FBAD13A006E3C85 /* Info.plist */,
				2FEE63B21FBAD13A006E3C85 /* SwiftChatXIBDemo.xcdatamodeld */,
			);
			path = SwiftChatXIBDemo;
			sourceTree = "<group>";
		};
		2FEE63C21FBAD13B006E3C85 /* SwiftChatXIBDemoTests */ = {
			isa = PBXGroup;
			children = (
				2FEE63C31FBAD13B006E3C85 /* SwiftChatXIBDemoTests.swift */,
				2FEE63C51FBAD13B006E3C85 /* Info.plist */,
			);
			path = SwiftChatXIBDemoTests;
			sourceTree = "<group>";
		};
		2FEE63CD1FBAD13B006E3C85 /* SwiftChatXIBDemoUITests */ = {
			isa = PBXGroup;
			children = (
				2FEE63CE1FBAD13B006E3C85 /* SwiftChatXIBDemoUITests.swift */,
				2FEE63D01FBAD13B006E3C85 /* Info.plist */,
			);
			path = SwiftChatXIBDemoUITests;
			sourceTree = "<group>";
		};
		2FEE63EE1FBAD2E1006E3C85 /* xib */ = {
			isa = PBXGroup;
			children = (
				2FEE63DD1FBAD1F7006E3C85 /* MsgTimeTableViewCell.xib */,
			);
			path = xib;
			sourceTree = "<group>";
		};
/* End PBXGroup section */

/* Begin PBXNativeTarget section */
		2FEE63A71FBAD13A006E3C85 /* SwiftChatXIBDemo */ = {
			isa = PBXNativeTarget;
			buildConfigurationList = 2FEE63D31FBAD13B006E3C85 /* Build configuration list for PBXNativeTarget "SwiftChatXIBDemo" */;
			buildPhases = (
				2FEE63A41FBAD13A006E3C85 /* Sources */,
				2FEE63A51FBAD13A006E3C85 /* Frameworks */,
				2FEE63A61FBAD13A006E3C85 /* Resources */,
			);
			buildRules = (
			);
			dependencies = (
			);
			name = SwiftChatXIBDemo;
			productName = SwiftChatXIBDemo;
			productReference = 2FEE63A81FBAD13A006E3C85 /* SwiftChatXIBDemo.app */;
			productType = "com.apple.product-type.application";
		};
		2FEE63BE1FBAD13B006E3C85 /* SwiftChatXIBDemoTests */ = {
			isa = PBXNativeTarget;
			buildConfigurationList = 2FEE63D61FBAD13B006E3C85 /* Build configuration list for PBXNativeTarget "SwiftChatXIBDemoTests" */;
			buildPhases = (
				2FEE63BB1FBAD13B006E3C85 /* Sources */,
				2FEE63BC1FBAD13B006E3C85 /* Frameworks */,
				2FEE63BD1FBAD13B006E3C85 /* Resources */,
			);
			buildRules = (
			);
			dependencies = (
				2FEE63C11FBAD13B006E3C85 /* PBXTargetDependency */,
			);
			name = SwiftChatXIBDemoTests;
			productName = SwiftChatXIBDemoTests;
			productReference = 2FEE63BF1FBAD13B006E3C85 /* SwiftChatXIBDemoTests.xctest */;
			productType = "com.apple.product-type.bundle.unit-test";
		};
		2FEE63C91FBAD13B006E3C85 /* SwiftChatXIBDemoUITests */ = {
			isa = PBXNativeTarget;
			buildConfigurationList = 2FEE63D91FBAD13B006E3C85 /* Build configuration list for PBXNativeTarget "SwiftChatXIBDemoUITests" */;
			buildPhases = (
				2FEE63C61FBAD13B006E3C85 /* Sources */,
				2FEE63C71FBAD13B006E3C85 /* Frameworks */,
				2FEE63C81FBAD13B006E3C85 /* Resources */,
			);
			buildRules = (
			);
			dependencies = (
				2FEE63CC1FBAD13B006E3C85 /* PBXTargetDependency */,
			);
			name = SwiftChatXIBDemoUITests;
			productName = SwiftChatXIBDemoUITests;
			productReference = 2FEE63CA1FBAD13B006E3C85 /* SwiftChatXIBDemoUITests.xctest */;
			productType = "com.apple.product-type.bundle.ui-testing";
		};
/* End PBXNativeTarget section */

/* Begin PBXProject section */
		2FEE63A01FBAD13A006E3C85 /* Project object */ = {
			isa = PBXProject;
			attributes = {
				LastSwiftUpdateCheck = 0910;
				LastUpgradeCheck = 0910;
				ORGANIZATIONNAME = "高鑫";
				TargetAttributes = {
					2FEE63A71FBAD13A006E3C85 = {
						CreatedOnToolsVersion = 9.1;
						ProvisioningStyle = Automatic;
					};
					2FEE63BE1FBAD13B006E3C85 = {
						CreatedOnToolsVersion = 9.1;
						ProvisioningStyle = Automatic;
						TestTargetID = 2FEE63A71FBAD13A006E3C85;
					};
					2FEE63C91FBAD13B006E3C85 = {
						CreatedOnToolsVersion = 9.1;
						ProvisioningStyle = Automatic;
						TestTargetID = 2FEE63A71FBAD13A006E3C85;
					};
				};
			};
			buildConfigurationList = 2FEE63A31FBAD13A006E3C85 /* Build configuration list for PBXProject "SwiftChatXIBDemo" */;
			compatibilityVersion = "Xcode 8.0";
			developmentRegion = en;
			hasScannedForEncodings = 0;
			knownRegions = (
				en,
				Base,
			);
			mainGroup = 2FEE639F1FBAD13A006E3C85;
			productRefGroup = 2FEE63A91FBAD13A006E3C85 /* Products */;
			projectDirPath = "";
			projectRoot = "";
			targets = (
				2FEE63A71FBAD13A006E3C85 /* SwiftChatXIBDemo */,
				2FEE63BE1FBAD13B006E3C85 /* SwiftChatXIBDemoTests */,
				2FEE63C91FBAD13B006E3C85 /* SwiftChatXIBDemoUITests */,
			);
		};
/* End PBXProject section */

/* Begin PBXResourcesBuildPhase section */
		2FEE63A61FBAD13A006E3C85 /* Resources */ = {
			isa = PBXResourcesBuildPhase;
			buildActionMask = 2147483647;
			files = (
				2FEE63B91FBAD13A006E3C85 /* LaunchScreen.storyboard in Resources */,
				2FEE63B61FBAD13A006E3C85 /* Assets.xcassets in Resources */,
				2FEE63DF1FBAD1F7006E3C85 /* MsgTimeTableViewCell.xib in Resources */,
				2FEE63B11FBAD13A006E3C85 /* Main.storyboard in Resources */,
			);
			runOnlyForDeploymentPostprocessing = 0;
		};
		2FEE63BD1FBAD13B006E3C85 /* Resources */ = {
			isa = PBXResourcesBuildPhase;
			buildActionMask = 2147483647;
			files = (
			);
			runOnlyForDeploymentPostprocessing = 0;
		};
		2FEE63C81FBAD13B006E3C85 /* Resources */ = {
			isa = PBXResourcesBuildPhase;
			buildActionMask = 2147483647;
			files = (
			);
			runOnlyForDeploymentPostprocessing = 0;
		};
/* End PBXResourcesBuildPhase section */

/* Begin PBXSourcesBuildPhase section */
		2FEE63A41FBAD13A006E3C85 /* Sources */ = {
			isa = PBXSourcesBuildPhase;
			buildActionMask = 2147483647;
			files = (
				04A7381C26E841AA009423E1 /* ImageView.swift in Sources */,
				04A7381826E841AA009423E1 /* Cons.swift in Sources */,
				04A7381E26E841AA009423E1 /* Font.swift in Sources */,
				04A7381226E841AA009423E1 /* __Private__Implementations__.swift in Sources */,
				04A7381B26E841AA009423E1 /* TextView.swift in Sources */,
				2FEE63AE1FBAD13A006E3C85 /* ViewController.swift in Sources */,
				04A7381626E841AA009423E1 /* BarButton.swift in Sources */,
				04A737F526E831FB009423E1 /* JXPhotoBrowserLog.swift in Sources */,
				04A737D426E7CC54009423E1 /* ChatListViewController.swift in Sources */,
				04A7382326E88F6E009423E1 /* MsgTimeTableViewCell.swift in Sources */,
				04A737EE26E831FB009423E1 /* JXPhotoBrowserCell.swift in Sources */,
				04A737F026E831FB009423E1 /* JXPhotoBrowserZoomAnimator.swift in Sources */,
				04A737EF26E831FB009423E1 /* JXPhotoBrowserNumberPageIndicator.swift in Sources */,
				04A7382026E841AA009423E1 /* Color.swift in Sources */,
				04A737F626E831FB009423E1 /* JXPhotoBrowser.swift in Sources */,
				04A7381A26E841AA009423E1 /* TextField.swift in Sources */,
				04A737F326E831FB009423E1 /* JXPhotoBrowserImageCell.swift in Sources */,
				04A737F226E831FB009423E1 /* JXPhotoBrowserDefaultPageIndicator.swift in Sources */,
				04A7381426E841AA009423E1 /* Styles.swift in Sources */,
				04A737EA26E831FB009423E1 /* JXPhotoBrowserZoomSupportedCell.swift in Sources */,
				04A737F826E8349D009423E1 /* MessageCell.swift in Sources */,
				04A7381026E841AA009423E1 /* View.swift in Sources */,
				04A737F126E831FB009423E1 /* JXPhotoBrowserView.swift in Sources */,
				04A7381526E841AA009423E1 /* Stack.swift in Sources */,
				04A737E926E831FB009423E1 /* JXPhotoBrowserNoneAnimator.swift in Sources */,
				04A737D626E7D43B009423E1 /* Conversation.swift in Sources */,
				04A737F426E831FB009423E1 /* JXPhotoBrowserFadeAnimator.swift in Sources */,
				04A737EC26E831FB009423E1 /* JXPhotoBrowserImageView.swift in Sources */,
				04A737ED26E831FB009423E1 /* JXPhotoBrowserAnimatedTransitioning.swift in Sources */,
				04A737EB26E831FB009423E1 /* JXPhotoBrowserSmoothZoomAnimator.swift in Sources */,
				04A7381126E841AA009423E1 /* AttStr.swift in Sources */,
				04A7381726E841AA009423E1 /* Str.swift in Sources */,
				04A737E826E831FB009423E1 /* JXPhotoBrowserPageIndicator.swift in Sources */,
				2FEE63AC1FBAD13A006E3C85 /* AppDelegate.swift in Sources */,
				04A7381326E841AA009423E1 /* Alert.swift in Sources */,
				04A7381F26E841AA009423E1 /* Button.swift in Sources */,
				04A7381926E841AA009423E1 /* CPKStackView.swift in Sources */,
				04A7380F26E841AA009423E1 /* Label.swift in Sources */,
				04A737FA26E83A42009423E1 /* MessageContent.swift in Sources */,
				04A7381D26E841AA009423E1 /* StaticTable.swift in Sources */,
				04A7382126E841AA009423E1 /* Img.swift in Sources */,
				2FEE63B41FBAD13A006E3C85 /* SwiftChatXIBDemo.xcdatamodeld in Sources */,
				2FEE63F01FBAD527006E3C85 /* Message.swift in Sources */,
			);
			runOnlyForDeploymentPostprocessing = 0;
		};
		2FEE63BB1FBAD13B006E3C85 /* Sources */ = {
			isa = PBXSourcesBuildPhase;
			buildActionMask = 2147483647;
			files = (
				2FEE63C41FBAD13B006E3C85 /* SwiftChatXIBDemoTests.swift in Sources */,
			);
			runOnlyForDeploymentPostprocessing = 0;
		};
		2FEE63C61FBAD13B006E3C85 /* Sources */ = {
			isa = PBXSourcesBuildPhase;
			buildActionMask = 2147483647;
			files = (
				2FEE63CF1FBAD13B006E3C85 /* SwiftChatXIBDemoUITests.swift in Sources */,
			);
			runOnlyForDeploymentPostprocessing = 0;
		};
/* End PBXSourcesBuildPhase section */

/* Begin PBXTargetDependency section */
		2FEE63C11FBAD13B006E3C85 /* PBXTargetDependency */ = {
			isa = PBXTargetDependency;
			target = 2FEE63A71FBAD13A006E3C85 /* SwiftChatXIBDemo */;
			targetProxy = 2FEE63C01FBAD13B006E3C85 /* PBXContainerItemProxy */;
		};
		2FEE63CC1FBAD13B006E3C85 /* PBXTargetDependency */ = {
			isa = PBXTargetDependency;
			target = 2FEE63A71FBAD13A006E3C85 /* SwiftChatXIBDemo */;
			targetProxy = 2FEE63CB1FBAD13B006E3C85 /* PBXContainerItemProxy */;
		};
/* End PBXTargetDependency section */

/* Begin PBXVariantGroup section */
		2FEE63AF1FBAD13A006E3C85 /* Main.storyboard */ = {
			isa = PBXVariantGroup;
			children = (
				2FEE63B01FBAD13A006E3C85 /* Base */,
			);
			name = Main.storyboard;
			sourceTree = "<group>";
		};
		2FEE63B71FBAD13A006E3C85 /* LaunchScreen.storyboard */ = {
			isa = PBXVariantGroup;
			children = (
				2FEE63B81FBAD13A006E3C85 /* Base */,
			);
			name = LaunchScreen.storyboard;
			sourceTree = "<group>";
		};
/* End PBXVariantGroup section */

/* Begin XCBuildConfiguration section */
		2FEE63D11FBAD13B006E3C85 /* Debug */ = {
			isa = XCBuildConfiguration;
			buildSettings = {
				ALWAYS_SEARCH_USER_PATHS = NO;
				CLANG_ANALYZER_NONNULL = YES;
				CLANG_ANALYZER_NUMBER_OBJECT_CONVERSION = YES_AGGRESSIVE;
				CLANG_CXX_LANGUAGE_STANDARD = "gnu++14";
				CLANG_CXX_LIBRARY = "libc++";
				CLANG_ENABLE_MODULES = YES;
				CLANG_ENABLE_OBJC_ARC = YES;
				CLANG_WARN_BLOCK_CAPTURE_AUTORELEASING = YES;
				CLANG_WARN_BOOL_CONVERSION = YES;
				CLANG_WARN_COMMA = YES;
				CLANG_WARN_CONSTANT_CONVERSION = YES;
				CLANG_WARN_DIRECT_OBJC_ISA_USAGE = YES_ERROR;
				CLANG_WARN_DOCUMENTATION_COMMENTS = YES;
				CLANG_WARN_EMPTY_BODY = YES;
				CLANG_WARN_ENUM_CONVERSION = YES;
				CLANG_WARN_INFINITE_RECURSION = YES;
				CLANG_WARN_INT_CONVERSION = YES;
				CLANG_WARN_NON_LITERAL_NULL_CONVERSION = YES;
				CLANG_WARN_OBJC_LITERAL_CONVERSION = YES;
				CLANG_WARN_OBJC_ROOT_CLASS = YES_ERROR;
				CLANG_WARN_RANGE_LOOP_ANALYSIS = YES;
				CLANG_WARN_STRICT_PROTOTYPES = YES;
				CLANG_WARN_SUSPICIOUS_MOVE = YES;
				CLANG_WARN_UNGUARDED_AVAILABILITY = YES_AGGRESSIVE;
				CLANG_WARN_UNREACHABLE_CODE = YES;
				CLANG_WARN__DUPLICATE_METHOD_MATCH = YES;
				CODE_SIGN_IDENTITY = "iPhone Developer";
				COPY_PHASE_STRIP = NO;
				DEBUG_INFORMATION_FORMAT = dwarf;
				ENABLE_STRICT_OBJC_MSGSEND = YES;
				ENABLE_TESTABILITY = YES;
				GCC_C_LANGUAGE_STANDARD = gnu11;
				GCC_DYNAMIC_NO_PIC = NO;
				GCC_NO_COMMON_BLOCKS = YES;
				GCC_OPTIMIZATION_LEVEL = 0;
				GCC_PREPROCESSOR_DEFINITIONS = (
					"DEBUG=1",
					"$(inherited)",
				);
				GCC_WARN_64_TO_32_BIT_CONVERSION = YES;
				GCC_WARN_ABOUT_RETURN_TYPE = YES_ERROR;
				GCC_WARN_UNDECLARED_SELECTOR = YES;
				GCC_WARN_UNINITIALIZED_AUTOS = YES_AGGRESSIVE;
				GCC_WARN_UNUSED_FUNCTION = YES;
				GCC_WARN_UNUSED_VARIABLE = YES;
				IPHONEOS_DEPLOYMENT_TARGET = 11.1;
				MTL_ENABLE_DEBUG_INFO = YES;
				ONLY_ACTIVE_ARCH = YES;
				SDKROOT = iphoneos;
				SWIFT_ACTIVE_COMPILATION_CONDITIONS = DEBUG;
				SWIFT_OPTIMIZATION_LEVEL = "-Onone";
			};
			name = Debug;
		};
		2FEE63D21FBAD13B006E3C85 /* Release */ = {
			isa = XCBuildConfiguration;
			buildSettings = {
				ALWAYS_SEARCH_USER_PATHS = NO;
				CLANG_ANALYZER_NONNULL = YES;
				CLANG_ANALYZER_NUMBER_OBJECT_CONVERSION = YES_AGGRESSIVE;
				CLANG_CXX_LANGUAGE_STANDARD = "gnu++14";
				CLANG_CXX_LIBRARY = "libc++";
				CLANG_ENABLE_MODULES = YES;
				CLANG_ENABLE_OBJC_ARC = YES;
				CLANG_WARN_BLOCK_CAPTURE_AUTORELEASING = YES;
				CLANG_WARN_BOOL_CONVERSION = YES;
				CLANG_WARN_COMMA = YES;
				CLANG_WARN_CONSTANT_CONVERSION = YES;
				CLANG_WARN_DIRECT_OBJC_ISA_USAGE = YES_ERROR;
				CLANG_WARN_DOCUMENTATION_COMMENTS = YES;
				CLANG_WARN_EMPTY_BODY = YES;
				CLANG_WARN_ENUM_CONVERSION = YES;
				CLANG_WARN_INFINITE_RECURSION = YES;
				CLANG_WARN_INT_CONVERSION = YES;
				CLANG_WARN_NON_LITERAL_NULL_CONVERSION = YES;
				CLANG_WARN_OBJC_LITERAL_CONVERSION = YES;
				CLANG_WARN_OBJC_ROOT_CLASS = YES_ERROR;
				CLANG_WARN_RANGE_LOOP_ANALYSIS = YES;
				CLANG_WARN_STRICT_PROTOTYPES = YES;
				CLANG_WARN_SUSPICIOUS_MOVE = YES;
				CLANG_WARN_UNGUARDED_AVAILABILITY = YES_AGGRESSIVE;
				CLANG_WARN_UNREACHABLE_CODE = YES;
				CLANG_WARN__DUPLICATE_METHOD_MATCH = YES;
				CODE_SIGN_IDENTITY = "iPhone Developer";
				COPY_PHASE_STRIP = NO;
				DEBUG_INFORMATION_FORMAT = "dwarf-with-dsym";
				ENABLE_NS_ASSERTIONS = NO;
				ENABLE_STRICT_OBJC_MSGSEND = YES;
				GCC_C_LANGUAGE_STANDARD = gnu11;
				GCC_NO_COMMON_BLOCKS = YES;
				GCC_WARN_64_TO_32_BIT_CONVERSION = YES;
				GCC_WARN_ABOUT_RETURN_TYPE = YES_ERROR;
				GCC_WARN_UNDECLARED_SELECTOR = YES;
				GCC_WARN_UNINITIALIZED_AUTOS = YES_AGGRESSIVE;
				GCC_WARN_UNUSED_FUNCTION = YES;
				GCC_WARN_UNUSED_VARIABLE = YES;
				IPHONEOS_DEPLOYMENT_TARGET = 11.1;
				MTL_ENABLE_DEBUG_INFO = NO;
				SDKROOT = iphoneos;
				SWIFT_OPTIMIZATION_LEVEL = "-Owholemodule";
				VALIDATE_PRODUCT = YES;
			};
			name = Release;
		};
		2FEE63D41FBAD13B006E3C85 /* Debug */ = {
			isa = XCBuildConfiguration;
			buildSettings = {
				ASSETCATALOG_COMPILER_APPICON_NAME = AppIcon;
				CODE_SIGN_STYLE = Automatic;
				DEVELOPMENT_TEAM = 2WT62P5Z3H;
				INFOPLIST_FILE = SwiftChatXIBDemo/Info.plist;
				LD_RUNPATH_SEARCH_PATHS = "$(inherited) @executable_path/Frameworks";
				PRODUCT_BUNDLE_IDENTIFIER = com.LicaGao.SwiftChatXIBDemo;
				PRODUCT_NAME = "$(TARGET_NAME)";
				SWIFT_VERSION = 4.0;
				TARGETED_DEVICE_FAMILY = "1,2";
			};
			name = Debug;
		};
		2FEE63D51FBAD13B006E3C85 /* Release */ = {
			isa = XCBuildConfiguration;
			buildSettings = {
				ASSETCATALOG_COMPILER_APPICON_NAME = AppIcon;
				CODE_SIGN_STYLE = Automatic;
				DEVELOPMENT_TEAM = 2WT62P5Z3H;
				INFOPLIST_FILE = SwiftChatXIBDemo/Info.plist;
				LD_RUNPATH_SEARCH_PATHS = "$(inherited) @executable_path/Frameworks";
				PRODUCT_BUNDLE_IDENTIFIER = com.LicaGao.SwiftChatXIBDemo;
				PRODUCT_NAME = "$(TARGET_NAME)";
				SWIFT_VERSION = 4.0;
				TARGETED_DEVICE_FAMILY = "1,2";
			};
			name = Release;
		};
		2FEE63D71FBAD13B006E3C85 /* Debug */ = {
			isa = XCBuildConfiguration;
			buildSettings = {
				ALWAYS_EMBED_SWIFT_STANDARD_LIBRARIES = YES;
				BUNDLE_LOADER = "$(TEST_HOST)";
				CODE_SIGN_STYLE = Automatic;
				DEVELOPMENT_TEAM = NU44639NV3;
				INFOPLIST_FILE = SwiftChatXIBDemoTests/Info.plist;
				LD_RUNPATH_SEARCH_PATHS = "$(inherited) @executable_path/Frameworks @loader_path/Frameworks";
				PRODUCT_BUNDLE_IDENTIFIER = com.LicaGao.SwiftChatXIBDemoTests;
				PRODUCT_NAME = "$(TARGET_NAME)";
				SWIFT_VERSION = 4.0;
				TARGETED_DEVICE_FAMILY = "1,2";
				TEST_HOST = "$(BUILT_PRODUCTS_DIR)/SwiftChatXIBDemo.app/SwiftChatXIBDemo";
			};
			name = Debug;
		};
		2FEE63D81FBAD13B006E3C85 /* Release */ = {
			isa = XCBuildConfiguration;
			buildSettings = {
				ALWAYS_EMBED_SWIFT_STANDARD_LIBRARIES = YES;
				BUNDLE_LOADER = "$(TEST_HOST)";
				CODE_SIGN_STYLE = Automatic;
				DEVELOPMENT_TEAM = NU44639NV3;
				INFOPLIST_FILE = SwiftChatXIBDemoTests/Info.plist;
				LD_RUNPATH_SEARCH_PATHS = "$(inherited) @executable_path/Frameworks @loader_path/Frameworks";
				PRODUCT_BUNDLE_IDENTIFIER = com.LicaGao.SwiftChatXIBDemoTests;
				PRODUCT_NAME = "$(TARGET_NAME)";
				SWIFT_VERSION = 4.0;
				TARGETED_DEVICE_FAMILY = "1,2";
				TEST_HOST = "$(BUILT_PRODUCTS_DIR)/SwiftChatXIBDemo.app/SwiftChatXIBDemo";
			};
			name = Release;
		};
		2FEE63DA1FBAD13B006E3C85 /* Debug */ = {
			isa = XCBuildConfiguration;
			buildSettings = {
				ALWAYS_EMBED_SWIFT_STANDARD_LIBRARIES = YES;
				CODE_SIGN_STYLE = Automatic;
				DEVELOPMENT_TEAM = NU44639NV3;
				INFOPLIST_FILE = SwiftChatXIBDemoUITests/Info.plist;
				LD_RUNPATH_SEARCH_PATHS = "$(inherited) @executable_path/Frameworks @loader_path/Frameworks";
				PRODUCT_BUNDLE_IDENTIFIER = com.LicaGao.SwiftChatXIBDemoUITests;
				PRODUCT_NAME = "$(TARGET_NAME)";
				SWIFT_VERSION = 4.0;
				TARGETED_DEVICE_FAMILY = "1,2";
				TEST_TARGET_NAME = SwiftChatXIBDemo;
			};
			name = Debug;
		};
		2FEE63DB1FBAD13B006E3C85 /* Release */ = {
			isa = XCBuildConfiguration;
			buildSettings = {
				ALWAYS_EMBED_SWIFT_STANDARD_LIBRARIES = YES;
				CODE_SIGN_STYLE = Automatic;
				DEVELOPMENT_TEAM = NU44639NV3;
				INFOPLIST_FILE = SwiftChatXIBDemoUITests/Info.plist;
				LD_RUNPATH_SEARCH_PATHS = "$(inherited) @executable_path/Frameworks @loader_path/Frameworks";
				PRODUCT_BUNDLE_IDENTIFIER = com.LicaGao.SwiftChatXIBDemoUITests;
				PRODUCT_NAME = "$(TARGET_NAME)";
				SWIFT_VERSION = 4.0;
				TARGETED_DEVICE_FAMILY = "1,2";
				TEST_TARGET_NAME = SwiftChatXIBDemo;
			};
			name = Release;
		};
/* End XCBuildConfiguration section */

/* Begin XCConfigurationList section */
		2FEE63A31FBAD13A006E3C85 /* Build configuration list for PBXProject "SwiftChatXIBDemo" */ = {
			isa = XCConfigurationList;
			buildConfigurations = (
				2FEE63D11FBAD13B006E3C85 /* Debug */,
				2FEE63D21FBAD13B006E3C85 /* Release */,
			);
			defaultConfigurationIsVisible = 0;
			defaultConfigurationName = Release;
		};
		2FEE63D31FBAD13B006E3C85 /* Build configuration list for PBXNativeTarget "SwiftChatXIBDemo" */ = {
			isa = XCConfigurationList;
			buildConfigurations = (
				2FEE63D41FBAD13B006E3C85 /* Debug */,
				2FEE63D51FBAD13B006E3C85 /* Release */,
			);
			defaultConfigurationIsVisible = 0;
			defaultConfigurationName = Release;
		};
		2FEE63D61FBAD13B006E3C85 /* Build configuration list for PBXNativeTarget "SwiftChatXIBDemoTests" */ = {
			isa = XCConfigurationList;
			buildConfigurations = (
				2FEE63D71FBAD13B006E3C85 /* Debug */,
				2FEE63D81FBAD13B006E3C85 /* Release */,
			);
			defaultConfigurationIsVisible = 0;
			defaultConfigurationName = Release;
		};
		2FEE63D91FBAD13B006E3C85 /* Build configuration list for PBXNativeTarget "SwiftChatXIBDemoUITests" */ = {
			isa = XCConfigurationList;
			buildConfigurations = (
				2FEE63DA1FBAD13B006E3C85 /* Debug */,
				2FEE63DB1FBAD13B006E3C85 /* Release */,
			);
			defaultConfigurationIsVisible = 0;
			defaultConfigurationName = Release;
		};
/* End XCConfigurationList section */

/* Begin XCVersionGroup section */
		2FEE63B21FBAD13A006E3C85 /* SwiftChatXIBDemo.xcdatamodeld */ = {
			isa = XCVersionGroup;
			children = (
				2FEE63B31FBAD13A006E3C85 /* SwiftChatXIBDemo.xcdatamodel */,
			);
			currentVersion = 2FEE63B31FBAD13A006E3C85 /* SwiftChatXIBDemo.xcdatamodel */;
			path = SwiftChatXIBDemo.xcdatamodeld;
			sourceTree = "<group>";
			versionGroupType = wrapper.xcdatamodel;
		};
/* End XCVersionGroup section */
	};
	rootObject = 2FEE63A01FBAD13A006E3C85 /* Project object */;
}
